// !$*UTF8*$!
{
	archiveVersion = 1;
	classes = {
	};
	objectVersion = 46;
	objects = {

/* Begin PBXBuildFile section */
		925A25371DEC17AD00D43948 /* main.m in Sources */ = {isa = PBXBuildFile; fileRef = 925A25361DEC17AD00D43948 /* main.m */; };
		925A253A1DEC17AD00D43948 /* AppDelegate.m in Sources */ = {isa = PBXBuildFile; fileRef = 925A25391DEC17AD00D43948 /* AppDelegate.m */; };
		925A253D1DEC17AD00D43948 /* ViewController.m in Sources */ = {isa = PBXBuildFile; fileRef = 925A253C1DEC17AD00D43948 /* ViewController.m */; };
		925A25401DEC17AD00D43948 /* Main.storyboard in Resources */ = {isa = PBXBuildFile; fileRef = 925A253E1DEC17AD00D43948 /* Main.storyboard */; };
		925A25421DEC17AD00D43948 /* Assets.xcassets in Resources */ = {isa = PBXBuildFile; fileRef = 925A25411DEC17AD00D43948 /* Assets.xcassets */; };
		925A25451DEC17AD00D43948 /* LaunchScreen.storyboard in Resources */ = {isa = PBXBuildFile; fileRef = 925A25431DEC17AD00D43948 /* LaunchScreen.storyboard */; };
		925A25501DEC17AD00D43948 /* ___Tests.m in Sources */ = {isa = PBXBuildFile; fileRef = 925A254F1DEC17AD00D43948 /* ___Tests.m */; };
		925A255B1DEC17AD00D43948 /* ___UITests.m in Sources */ = {isa = PBXBuildFile; fileRef = 925A255A1DEC17AD00D43948 /* ___UITests.m */; };
/* End PBXBuildFile section */

/* Begin PBXContainerItemProxy section */
		925A254C1DEC17AD00D43948 /* PBXContainerItemProxy */ = {
			isa = PBXContainerItemProxy;
			containerPortal = 925A252A1DEC17AD00D43948 /* Project object */;
			proxyType = 1;
			remoteGlobalIDString = 925A25311DEC17AD00D43948;
			remoteInfo = "第二章";
		};
		925A25571DEC17AD00D43948 /* PBXContainerItemProxy */ = {
			isa = PBXContainerItemProxy;
			containerPortal = 925A252A1DEC17AD00D43948 /* Project object */;
			proxyType = 1;
			remoteGlobalIDString = 925A25311DEC17AD00D43948;
			remoteInfo = "第二章";
		};
/* End PBXContainerItemProxy section */

/* Begin PBXFileReference section */
		925A25321DEC17AD00D43948 /* 第二章.app */ = {isa = PBXFileReference; explicitFileType = wrapper.application; includeInIndex = 0; path = "第二章.app"; sourceTree = BUILT_PRODUCTS_DIR; };
		925A25361DEC17AD00D43948 /* main.m */ = {isa = PBXFileReference; lastKnownFileType = sourcecode.c.objc; path = main.m; sourceTree = "<group>"; };
		925A25381DEC17AD00D43948 /* AppDelegate.h */ = {isa = PBXFileReference; lastKnownFileType = sourcecode.c.h; path = AppDelegate.h; sourceTree = "<group>"; };
		925A25391DEC17AD00D43948 /* AppDelegate.m */ = {isa = PBXFileReference; lastKnownFileType = sourcecode.c.objc; path = AppDelegate.m; sourceTree = "<group>"; };
		925A253B1DEC17AD00D43948 /* ViewController.h */ = {isa = PBXFileReference; lastKnownFileType = sourcecode.c.h; path = ViewController.h; sourceTree = "<group>"; };
		925A253C1DEC17AD00D43948 /* ViewController.m */ = {isa = PBXFileReference; lastKnownFileType = sourcecode.c.objc; path = ViewController.m; sourceTree = "<group>"; };
		925A253F1DEC17AD00D43948 /* Base */ = {isa = PBXFileReference; lastKnownFileType = file.storyboard; name = Base; path = Base.lproj/Main.storyboard; sourceTree = "<group>"; };
		925A25411DEC17AD00D43948 /* Assets.xcassets */ = {isa = PBXFileReference; lastKnownFileType = folder.assetcatalog; path = Assets.xcassets; sourceTree = "<group>"; };
		925A25441DEC17AD00D43948 /* Base */ = {isa = PBXFileReference; lastKnownFileType = file.storyboard; name = Base; path = Base.lproj/LaunchScreen.storyboard; sourceTree = "<group>"; };
		925A25461DEC17AD00D43948 /* Info.plist */ = {isa = PBXFileReference; lastKnownFileType = text.plist.xml; path = Info.plist; sourceTree = "<group>"; };
		925A254B1DEC17AD00D43948 /* 第二章Tests.xctest */ = {isa = PBXFileReference; explicitFileType = wrapper.cfbundle; includeInIndex = 0; path = "第二章Tests.xctest"; sourceTree = BUILT_PRODUCTS_DIR; };
		925A254F1DEC17AD00D43948 /* ___Tests.m */ = {isa = PBXFileReference; lastKnownFileType = sourcecode.c.objc; path = "___Tests.m"; sourceTree = "<group>"; };
		925A25511DEC17AD00D43948 /* Info.plist */ = {isa = PBXFileReference; lastKnownFileType = text.plist.xml; path = Info.plist; sourceTree = "<group>"; };
		925A25561DEC17AD00D43948 /* 第二章UITests.xctest */ = {isa = PBXFileReference; explicitFileType = wrapper.cfbundle; includeInIndex = 0; path = "第二章UITests.xctest"; sourceTree = BUILT_PRODUCTS_DIR; };
		925A255A1DEC17AD00D43948 /* ___UITests.m */ = {isa = PBXFileReference; lastKnownFileType = sourcecode.c.objc; path = "___UITests.m"; sourceTree = "<group>"; };
		925A255C1DEC17AD00D43948 /* Info.plist */ = {isa = PBXFileReference; lastKnownFileType = text.plist.xml; path = Info.plist; sourceTree = "<group>"; };
/* End PBXFileReference section */

/* Begin PBXFrameworksBuildPhase section */
		925A252F1DEC17AD00D43948 /* Frameworks */ = {
			isa = PBXFrameworksBuildPhase;
			buildActionMask = 2147483647;
			files = (
			);
			runOnlyForDeploymentPostprocessing = 0;
		};
		925A25481DEC17AD00D43948 /* Frameworks */ = {
			isa = PBXFrameworksBuildPhase;
			buildActionMask = 2147483647;
			files = (
			);
			runOnlyForDeploymentPostprocessing = 0;
		};
		925A25531DEC17AD00D43948 /* Frameworks */ = {
			isa = PBXFrameworksBuildPhase;
			buildActionMask = 2147483647;
			files = (
			);
			runOnlyForDeploymentPostprocessing = 0;
		};
/* End PBXFrameworksBuildPhase section */

/* Begin PBXGroup section */
		925A25291DEC17AD00D43948 = {
			isa = PBXGroup;
			children = (
				925A25341DEC17AD00D43948 /* 第二章 */,
				925A254E1DEC17AD00D43948 /* 第二章Tests */,
				925A25591DEC17AD00D43948 /* 第二章UITests */,
				925A25331DEC17AD00D43948 /* Products */,
			);
			sourceTree = "<group>";
		};
		925A25331DEC17AD00D43948 /* Products */ = {
			isa = PBXGroup;
			children = (
				925A25321DEC17AD00D43948 /* 第二章.app */,
				925A254B1DEC17AD00D43948 /* 第二章Tests.xctest */,
				925A25561DEC17AD00D43948 /* 第二章UITests.xctest */,
			);
			name = Products;
			sourceTree = "<group>";
		};
		925A25341DEC17AD00D43948 /* 第二章 */ = {
			isa = PBXGroup;
			children = (
				925A25381DEC17AD00D43948 /* AppDelegate.h */,
				925A25391DEC17AD00D43948 /* AppDelegate.m */,
				925A253B1DEC17AD00D43948 /* ViewController.h */,
				925A253C1DEC17AD00D43948 /* ViewController.m */,
				925A253E1DEC17AD00D43948 /* Main.storyboard */,
				925A25411DEC17AD00D43948 /* Assets.xcassets */,
				925A25431DEC17AD00D43948 /* LaunchScreen.storyboard */,
				925A25461DEC17AD00D43948 /* Info.plist */,
				925A25351DEC17AD00D43948 /* Supporting Files */,
			);
			path = "第二章";
			sourceTree = "<group>";
		};
		925A25351DEC17AD00D43948 /* Supporting Files */ = {
			isa = PBXGroup;
			children = (
				925A25361DEC17AD00D43948 /* main.m */,
			);
			name = "Supporting Files";
			sourceTree = "<group>";
		};
		925A254E1DEC17AD00D43948 /* 第二章Tests */ = {
			isa = PBXGroup;
			children = (
				925A254F1DEC17AD00D43948 /* ___Tests.m */,
				925A25511DEC17AD00D43948 /* Info.plist */,
			);
			path = "第二章Tests";
			sourceTree = "<group>";
		};
		925A25591DEC17AD00D43948 /* 第二章UITests */ = {
			isa = PBXGroup;
			children = (
				925A255A1DEC17AD00D43948 /* ___UITests.m */,
				925A255C1DEC17AD00D43948 /* Info.plist */,
			);
			path = "第二章UITests";
			sourceTree = "<group>";
		};
/* End PBXGroup section */

/* Begin PBXNativeTarget section */
		925A25311DEC17AD00D43948 /* 第二章 */ = {
			isa = PBXNativeTarget;
			buildConfigurationList = 925A255F1DEC17AD00D43948 /* Build configuration list for PBXNativeTarget "第二章" */;
			buildPhases = (
				925A252E1DEC17AD00D43948 /* Sources */,
				925A252F1DEC17AD00D43948 /* Frameworks */,
				925A25301DEC17AD00D43948 /* Resources */,
			);
			buildRules = (
			);
			dependencies = (
			);
			name = "第二章";
			productName = "第二章";
			productReference = 925A25321DEC17AD00D43948 /* 第二章.app */;
			productType = "com.apple.product-type.application";
		};
		925A254A1DEC17AD00D43948 /* 第二章Tests */ = {
			isa = PBXNativeTarget;
			buildConfigurationList = 925A25621DEC17AD00D43948 /* Build configuration list for PBXNativeTarget "第二章Tests" */;
			buildPhases = (
				925A25471DEC17AD00D43948 /* Sources */,
				925A25481DEC17AD00D43948 /* Frameworks */,
				925A25491DEC17AD00D43948 /* Resources */,
			);
			buildRules = (
			);
			dependencies = (
				925A254D1DEC17AD00D43948 /* PBXTargetDependency */,
			);
			name = "第二章Tests";
			productName = "第二章Tests";
			productReference = 925A254B1DEC17AD00D43948 /* 第二章Tests.xctest */;
			productType = "com.apple.product-type.bundle.unit-test";
		};
		925A25551DEC17AD00D43948 /* 第二章UITests */ = {
			isa = PBXNativeTarget;
			buildConfigurationList = 925A25651DEC17AD00D43948 /* Build configuration list for PBXNativeTarget "第二章UITests" */;
			buildPhases = (
				925A25521DEC17AD00D43948 /* Sources */,
				925A25531DEC17AD00D43948 /* Frameworks */,
				925A25541DEC17AD00D43948 /* Resources */,
			);
			buildRules = (
			);
			dependencies = (
				925A25581DEC17AD00D43948 /* PBXTargetDependency */,
			);
			name = "第二章UITests";
			productName = "第二章UITests";
			productReference = 925A25561DEC17AD00D43948 /* 第二章UITests.xctest */;
			productType = "com.apple.product-type.bundle.ui-testing";
		};
/* End PBXNativeTarget section */

/* Begin PBXProject section */
		925A252A1DEC17AD00D43948 /* Project object */ = {
			isa = PBXProject;
			attributes = {
				LastUpgradeCheck = 0730;
				ORGANIZATIONNAME = "swxa@saasliubobo";
				TargetAttributes = {
					925A25311DEC17AD00D43948 = {
						CreatedOnToolsVersion = 7.3.1;
					};
					925A254A1DEC17AD00D43948 = {
						CreatedOnToolsVersion = 7.3.1;
						TestTargetID = 925A25311DEC17AD00D43948;
					};
					925A25551DEC17AD00D43948 = {
						CreatedOnToolsVersion = 7.3.1;
						TestTargetID = 925A25311DEC17AD00D43948;
					};
				};
			};
			buildConfigurationList = 925A252D1DEC17AD00D43948 /* Build configuration list for PBXProject "第二章" */;
			compatibilityVersion = "Xcode 3.2";
			developmentRegion = English;
			hasScannedForEncodings = 0;
			knownRegions = (
				en,
				Base,
			);
			mainGroup = 925A25291DEC17AD00D43948;
			productRefGroup = 925A25331DEC17AD00D43948 /* Products */;
			projectDirPath = "";
			projectRoot = "";
			targets = (
				925A25311DEC17AD00D43948 /* 第二章 */,
				925A254A1DEC17AD00D43948 /* 第二章Tests */,
				925A25551DEC17AD00D43948 /* 第二章UITests */,
			);
		};
/* End PBXProject section */

/* Begin PBXResourcesBuildPhase section */
		925A25301DEC17AD00D43948 /* Resources */ = {
			isa = PBXResourcesBuildPhase;
			buildActionMask = 2147483647;
			files = (
				925A25451DEC17AD00D43948 /* LaunchScreen.storyboard in Resources */,
				925A25421DEC17AD00D43948 /* Assets.xcassets in Resources */,
				925A25401DEC17AD00D43948 /* Main.storyboard in Resources */,
			);
			runOnlyForDeploymentPostprocessing = 0;
		};
		925A25491DEC17AD00D43948 /* Resources */ = {
			isa = PBXResourcesBuildPhase;
			buildActionMask = 2147483647;
			files = (
			);
			runOnlyForDeploymentPostprocessing = 0;
		};
		925A25541DEC17AD00D43948 /* Resources */ = {
			isa = PBXResourcesBuildPhase;
			buildActionMask = 2147483647;
			files = (
			);
			runOnlyForDeploymentPostprocessing = 0;
		};
/* End PBXResourcesBuildPhase section */

/* Begin PBXSourcesBuildPhase section */
		925A252E1DEC17AD00D43948 /* Sources */ = {
			isa = PBXSourcesBuildPhase;
			buildActionMask = 2147483647;
			files = (
				925A253D1DEC17AD00D43948 /* ViewController.m in Sources */,
				925A253A1DEC17AD00D43948 /* AppDelegate.m in Sources */,
				925A25371DEC17AD00D43948 /* main.m in Sources */,
			);
			runOnlyForDeploymentPostprocessing = 0;
		};
		925A25471DEC17AD00D43948 /* Sources */ = {
			isa = PBXSourcesBuildPhase;
			buildActionMask = 2147483647;
			files = (
				925A25501DEC17AD00D43948 /* ___Tests.m in Sources */,
			);
			runOnlyForDeploymentPostprocessing = 0;
		};
		925A25521DEC17AD00D43948 /* Sources */ = {
			isa = PBXSourcesBuildPhase;
			buildActionMask = 2147483647;
			files = (
				925A255B1DEC17AD00D43948 /* ___UITests.m in Sources */,
			);
			runOnlyForDeploymentPostprocessing = 0;
		};
/* End PBXSourcesBuildPhase section */

/* Begin PBXTargetDependency section */
		925A254D1DEC17AD00D43948 /* PBXTargetDependency */ = {
			isa = PBXTargetDependency;
			target = 925A25311DEC17AD00D43948 /* 第二章 */;
			targetProxy = 925A254C1DEC17AD00D43948 /* PBXContainerItemProxy */;
		};
		925A25581DEC17AD00D43948 /* PBXTargetDependency */ = {
			isa = PBXTargetDependency;
			target = 925A25311DEC17AD00D43948 /* 第二章 */;
			targetProxy = 925A25571DEC17AD00D43948 /* PBXContainerItemProxy */;
		};
/* End PBXTargetDependency section */

/* Begin PBXVariantGroup section */
		925A253E1DEC17AD00D43948 /* Main.storyboard */ = {
			isa = PBXVariantGroup;
			children = (
				925A253F1DEC17AD00D43948 /* Base */,
			);
			name = Main.storyboard;
			sourceTree = "<group>";
		};
		925A25431DEC17AD00D43948 /* LaunchScreen.storyboard */ = {
			isa = PBXVariantGroup;
			children = (
				925A25441DEC17AD00D43948 /* Base */,
			);
			name = LaunchScreen.storyboard;
			sourceTree = "<group>";
		};
/* End PBXVariantGroup section */

/* Begin XCBuildConfiguration section */
		925A255D1DEC17AD00D43948 /* Debug */ = {
			isa = XCBuildConfiguration;
			buildSettings = {
				ALWAYS_SEARCH_USER_PATHS = NO;
				CLANG_ANALYZER_NONNULL = YES;
				CLANG_CXX_LANGUAGE_STANDARD = "gnu++0x";
				CLANG_CXX_LIBRARY = "libc++";
				CLANG_ENABLE_MODULES = YES;
				CLANG_ENABLE_OBJC_ARC = YES;
				CLANG_WARN_BOOL_CONVERSION = YES;
				CLANG_WARN_CONSTANT_CONVERSION = YES;
				CLANG_WARN_DIRECT_OBJC_ISA_USAGE = YES_ERROR;
				CLANG_WARN_EMPTY_BODY = YES;
				CLANG_WARN_ENUM_CONVERSION = YES;
				CLANG_WARN_INT_CONVERSION = YES;
				CLANG_WARN_OBJC_ROOT_CLASS = YES_ERROR;
				CLANG_WARN_UNREACHABLE_CODE = YES;
				CLANG_WARN__DUPLICATE_METHOD_MATCH = YES;
				"CODE_SIGN_IDENTITY[sdk=iphoneos*]" = "iPhone Developer";
				COPY_PHASE_STRIP = NO;
				DEBUG_INFORMATION_FORMAT = dwarf;
				ENABLE_STRICT_OBJC_MSGSEND = YES;
				ENABLE_TESTABILITY = YES;
				GCC_C_LANGUAGE_STANDARD = gnu99;
				GCC_DYNAMIC_NO_PIC = NO;
				GCC_NO_COMMON_BLOCKS = YES;
				GCC_OPTIMIZATION_LEVEL = 0;
				GCC_PREPROCESSOR_DEFINITIONS = (
					"DEBUG=1",
					"$(inherited)",
				);
				GCC_WARN_64_TO_32_BIT_CONVERSION = YES;
				GCC_WARN_ABOUT_RETURN_TYPE = YES_ERROR;
				GCC_WARN_UNDECLARED_SELECTOR = YES;
				GCC_WARN_UNINITIALIZED_AUTOS = YES_AGGRESSIVE;
				GCC_WARN_UNUSED_FUNCTION = YES;
				GCC_WARN_UNUSED_VARIABLE = YES;
				IPHONEOS_DEPLOYMENT_TARGET = 9.3;
				MTL_ENABLE_DEBUG_INFO = YES;
				ONLY_ACTIVE_ARCH = YES;
				SDKROOT = iphoneos;
				TARGETED_DEVICE_FAMILY = "1,2";
			};
			name = Debug;
		};
		925A255E1DEC17AD00D43948 /* Release */ = {
			isa = XCBuildConfiguration;
			buildSettings = {
				ALWAYS_SEARCH_USER_PATHS = NO;
				CLANG_ANALYZER_NONNULL = YES;
				CLANG_CXX_LANGUAGE_STANDARD = "gnu++0x";
				CLANG_CXX_LIBRARY = "libc++";
				CLANG_ENABLE_MODULES = YES;
				CLANG_ENABLE_OBJC_ARC = YES;
				CLANG_WARN_BOOL_CONVERSION = YES;
				CLANG_WARN_CONSTANT_CONVERSION = YES;
				CLANG_WARN_DIRECT_OBJC_ISA_USAGE = YES_ERROR;
				CLANG_WARN_EMPTY_BODY = YES;
				CLANG_WARN_ENUM_CONVERSION = YES;
				CLANG_WARN_INT_CONVERSION = YES;
				CLANG_WARN_OBJC_ROOT_CLASS = YES_ERROR;
				CLANG_WARN_UNREACHABLE_CODE = YES;
				CLANG_WARN__DUPLICATE_METHOD_MATCH = YES;
				"CODE_SIGN_IDENTITY[sdk=iphoneos*]" = "iPhone Developer";
				COPY_PHASE_STRIP = NO;
				DEBUG_INFORMATION_FORMAT = "dwarf-with-dsym";
				ENABLE_NS_ASSERTIONS = NO;
				ENABLE_STRICT_OBJC_MSGSEND = YES;
				GCC_C_LANGUAGE_STANDARD = gnu99;
				GCC_NO_COMMON_BLOCKS = YES;
				GCC_WARN_64_TO_32_BIT_CONVERSION = YES;
				GCC_WARN_ABOUT_RETURN_TYPE = YES_ERROR;
				GCC_WARN_UNDECLARED_SELECTOR = YES;
				GCC_WARN_UNINITIALIZED_AUTOS = YES_AGGRESSIVE;
				GCC_WARN_UNUSED_FUNCTION = YES;
				GCC_WARN_UNUSED_VARIABLE = YES;
				IPHONEOS_DEPLOYMENT_TARGET = 9.3;
				MTL_ENABLE_DEBUG_INFO = NO;
				SDKROOT = iphoneos;
				TARGETED_DEVICE_FAMILY = "1,2";
				VALIDATE_PRODUCT = YES;
			};
			name = Release;
		};
		925A25601DEC17AD00D43948 /* Debug */ = {
			isa = XCBuildConfiguration;
			buildSettings = {
				ASSETCATALOG_COMPILER_APPICON_NAME = AppIcon;
				INFOPLIST_FILE = "第二章/Info.plist";
				LD_RUNPATH_SEARCH_PATHS = "$(inherited) @executable_path/Frameworks";
				PRODUCT_BUNDLE_IDENTIFIER = "swxa.---";
				PRODUCT_NAME = "$(TARGET_NAME)";
			};
			name = Debug;
		};
		925A25611DEC17AD00D43948 /* Release */ = {
			isa = XCBuildConfiguration;
			buildSettings = {
				ASSETCATALOG_COMPILER_APPICON_NAME = AppIcon;
				INFOPLIST_FILE = "第二章/Info.plist";
				LD_RUNPATH_SEARCH_PATHS = "$(inherited) @executable_path/Frameworks";
				PRODUCT_BUNDLE_IDENTIFIER = "swxa.---";
				PRODUCT_NAME = "$(TARGET_NAME)";
			};
			name = Release;
		};
		925A25631DEC17AD00D43948 /* Debug */ = {
			isa = XCBuildConfiguration;
			buildSettings = {
				BUNDLE_LOADER = "$(TEST_HOST)";
				INFOPLIST_FILE = "第二章Tests/Info.plist";
				LD_RUNPATH_SEARCH_PATHS = "$(inherited) @executable_path/Frameworks @loader_path/Frameworks";
				PRODUCT_BUNDLE_IDENTIFIER = "swxa.---Tests";
				PRODUCT_NAME = "$(TARGET_NAME)";
				TEST_HOST = "$(BUILT_PRODUCTS_DIR)/第二章.app/第二章";
			};
			name = Debug;
		};
		925A25641DEC17AD00D43948 /* Release */ = {
			isa = XCBuildConfiguration;
			buildSettings = {
				BUNDLE_LOADER = "$(TEST_HOST)";
				INFOPLIST_FILE = "第二章Tests/Info.plist";
				LD_RUNPATH_SEARCH_PATHS = "$(inherited) @executable_path/Frameworks @loader_path/Frameworks";
				PRODUCT_BUNDLE_IDENTIFIER = "swxa.---Tests";
				PRODUCT_NAME = "$(TARGET_NAME)";
				TEST_HOST = "$(BUILT_PRODUCTS_DIR)/第二章.app/第二章";
			};
			name = Release;
		};
		925A25661DEC17AD00D43948 /* Debug */ = {
			isa = XCBuildConfiguration;
			buildSettings = {
				INFOPLIST_FILE = "第二章UITests/Info.plist";
				LD_RUNPATH_SEARCH_PATHS = "$(inherited) @executable_path/Frameworks @loader_path/Frameworks";
				PRODUCT_BUNDLE_IDENTIFIER = "swxa.---UITests";
				PRODUCT_NAME = "$(TARGET_NAME)";
				TEST_TARGET_NAME = "第二章";
			};
			name = Debug;
		};
		925A25671DEC17AD00D43948 /* Release */ = {
			isa = XCBuildConfiguration;
			buildSettings = {
				INFOPLIST_FILE = "第二章UITests/Info.plist";
				LD_RUNPATH_SEARCH_PATHS = "$(inherited) @executable_path/Frameworks @loader_path/Frameworks";
				PRODUCT_BUNDLE_IDENTIFIER = "swxa.---UITests";
				PRODUCT_NAME = "$(TARGET_NAME)";
				TEST_TARGET_NAME = "第二章";
			};
			name = Release;
		};
/* End XCBuildConfiguration section */

/* Begin XCConfigurationList section */
		925A252D1DEC17AD00D43948 /* Build configuration list for PBXProject "第二章" */ = {
			isa = XCConfigurationList;
			buildConfigurations = (
				925A255D1DEC17AD00D43948 /* Debug */,
				925A255E1DEC17AD00D43948 /* Release */,
			);
			defaultConfigurationIsVisible = 0;
			defaultConfigurationName = Release;
		};
		925A255F1DEC17AD00D43948 /* Build configuration list for PBXNativeTarget "第二章" */ = {
			isa = XCConfigurationList;
			buildConfigurations = (
				925A25601DEC17AD00D43948 /* Debug */,
				925A25611DEC17AD00D43948 /* Release */,
			);
			defaultConfigurationIsVisible = 0;
		};
		925A25621DEC17AD00D43948 /* Build configuration list for PBXNativeTarget "第二章Tests" */ = {
			isa = XCConfigurationList;
			buildConfigurations = (
				925A25631DEC17AD00D43948 /* Debug */,
				925A25641DEC17AD00D43948 /* Release */,
			);
			defaultConfigurationIsVisible = 0;
		};
		925A25651DEC17AD00D43948 /* Build configuration list for PBXNativeTarget "第二章UITests" */ = {
			isa = XCConfigurationList;
			buildConfigurations = (
				925A25661DEC17AD00D43948 /* Debug */,
				925A25671DEC17AD00D43948 /* Release */,
			);
			defaultConfigurationIsVisible = 0;
		};
/* End XCConfigurationList section */
	};
	rootObject = 925A252A1DEC17AD00D43948 /* Project object */;
}
